
Microsoft Visual Studio Solution File, Format Version 12.00
# Visual Studio Version 17
VisualStudioVersion = 17.0.31903.59
MinimumVisualStudioVersion = 10.0.40219.1
Project("{2150E333-8FDC-42A3-9474-1A3956D46DE8}") = "examples", "examples", "{CA4EBFD2-7140-41AA-B5CB-9FC8380923D3}"
EndProject
Project("{FAE04EC0-301F-11D3-BF4B-00C04F79EFBC}") = "Wasm", "examples\Wasm\Wasm.csproj", "{1456C389-EEB8-447B-AA05-7F8A074C643B}"
EndProject
Project("{2150E333-8FDC-42A3-9474-1A3956D46DE8}") = "src", "src", "{551C1AC4-6340-4C3A-8DA1-C7D4A28852DC}"
EndProject
Project("{FAE04EC0-301F-11D3-BF4B-00C04F79EFBC}") = "AspNetCore.Client", "src\AspNetCore.Client\AspNetCore.Client.csproj", "{AD2CB262-14A2-4E8E-9FA3-5D7DC08D03A2}"
EndProject
Global
	GlobalSection(SolutionConfigurationPlatforms) = preSolution
		Debug|Any CPU = Debug|Any CPU
		Release|Any CPU = Release|Any CPU
	EndGlobalSection
	GlobalSection(SolutionProperties) = preSolution
		HideSolutionNode = FALSE
	EndGlobalSection
	GlobalSection(ProjectConfigurationPlatforms) = postSolution
		{1456C389-EEB8-447B-AA05-7F8A074C643B}.Debug|Any CPU.ActiveCfg = Debug|Any CPU
		{1456C389-EEB8-447B-AA05-7F8A074C643B}.Debug|Any CPU.Build.0 = Debug|Any CPU
		{1456C389-EEB8-447B-AA05-7F8A074C643B}.Release|Any CPU.ActiveCfg = Release|Any CPU
		{1456C389-EEB8-447B-AA05-7F8A074C643B}.Release|Any CPU.Build.0 = Release|Any CPU
		{AD2CB262-14A2-4E8E-9FA3-5D7DC08D03A2}.Debug|Any CPU.ActiveCfg = Debug|Any CPU
		{AD2CB262-14A2-4E8E-9FA3-5D7DC08D03A2}.Debug|Any CPU.Build.0 = Debug|Any CPU
		{AD2CB262-14A2-4E8E-9FA3-5D7DC08D03A2}.Release|Any CPU.ActiveCfg = Release|Any CPU
		{AD2CB262-14A2-4E8E-9FA3-5D7DC08D03A2}.Release|Any CPU.Build.0 = Release|Any CPU
	EndGlobalSection
	GlobalSection(NestedProjects) = preSolution
		{1456C389-EEB8-447B-AA05-7F8A074C643B} = {CA4EBFD2-7140-41AA-B5CB-9FC8380923D3}
		{AD2CB262-14A2-4E8E-9FA3-5D7DC08D03A2} = {551C1AC4-6340-4C3A-8DA1-C7D4A28852DC}
	EndGlobalSection
EndGlobal
